
Microsoft Visual Studio Solution File, Format Version 12.00
# Visual Studio 15
VisualStudioVersion = 15.0.26124.0
MinimumVisualStudioVersion = 15.0.26124.0
Project("{FAE04EC0-301F-11D3-BF4B-00C04F79EFBC}") = "API", "API\API.csproj", "{8DB2AA3F-C380-4B99-BB34-ECC0BB81F8EE}"
EndProject
Project("{FAE04EC0-301F-11D3-BF4B-00C04F79EFBC}") = "Core", "Core\Core.csproj", "{8633899E-81AE-4D86-84D4-AD3BCDAE1804}"
EndProject
Project("{FAE04EC0-301F-11D3-BF4B-00C04F79EFBC}") = "Infrastructure", "Infrastructure\Infrastructure.csproj", "{56E70533-90FD-4D98-889C-1816E3FD9CEA}"
EndProject
Global
	GlobalSection(SolutionConfigurationPlatforms) = preSolution
		Debug|Any CPU = Debug|Any CPU
		Debug|x64 = Debug|x64
		Debug|x86 = Debug|x86
		Release|Any CPU = Release|Any CPU
		Release|x64 = Release|x64
		Release|x86 = Release|x86
	EndGlobalSection
	GlobalSection(SolutionProperties) = preSolution
		HideSolutionNode = FALSE
	EndGlobalSection
	GlobalSection(ProjectConfigurationPlatforms) = postSolution
		{8DB2AA3F-C380-4B99-BB34-ECC0BB81F8EE}.Debug|Any CPU.ActiveCfg = Debug|Any CPU
		{8DB2AA3F-C380-4B99-BB34-ECC0BB81F8EE}.Debug|Any CPU.Build.0 = Debug|Any CPU
		{8DB2AA3F-C380-4B99-BB34-ECC0BB81F8EE}.Debug|x64.ActiveCfg = Debug|Any CPU
		{8DB2AA3F-C380-4B99-BB34-ECC0BB81F8EE}.Debug|x64.Build.0 = Debug|Any CPU
		{8DB2AA3F-C380-4B99-BB34-ECC0BB81F8EE}.Debug|x86.ActiveCfg = Debug|Any CPU
		{8DB2AA3F-C380-4B99-BB34-ECC0BB81F8EE}.Debug|x86.Build.0 = Debug|Any CPU
		{8DB2AA3F-C380-4B99-BB34-ECC0BB81F8EE}.Release|Any CPU.ActiveCfg = Release|Any CPU
		{8DB2AA3F-C380-4B99-BB34-ECC0BB81F8EE}.Release|Any CPU.Build.0 = Release|Any CPU
		{8DB2AA3F-C380-4B99-BB34-ECC0BB81F8EE}.Release|x64.ActiveCfg = Release|Any CPU
		{8DB2AA3F-C380-4B99-BB34-ECC0BB81F8EE}.Release|x64.Build.0 = Release|Any CPU
		{8DB2AA3F-C380-4B99-BB34-ECC0BB81F8EE}.Release|x86.ActiveCfg = Release|Any CPU
		{8DB2AA3F-C380-4B99-BB34-ECC0BB81F8EE}.Release|x86.Build.0 = Release|Any CPU
		{8633899E-81AE-4D86-84D4-AD3BCDAE1804}.Debug|Any CPU.ActiveCfg = Debug|Any CPU
		{8633899E-81AE-4D86-84D4-AD3BCDAE1804}.Debug|Any CPU.Build.0 = Debug|Any CPU
		{8633899E-81AE-4D86-84D4-AD3BCDAE1804}.Debug|x64.ActiveCfg = Debug|Any CPU
		{8633899E-81AE-4D86-84D4-AD3BCDAE1804}.Debug|x64.Build.0 = Debug|Any CPU
		{8633899E-81AE-4D86-84D4-AD3BCDAE1804}.Debug|x86.ActiveCfg = Debug|Any CPU
		{8633899E-81AE-4D86-84D4-AD3BCDAE1804}.Debug|x86.Build.0 = Debug|Any CPU
		{8633899E-81AE-4D86-84D4-AD3BCDAE1804}.Release|Any CPU.ActiveCfg = Release|Any CPU
		{8633899E-81AE-4D86-84D4-AD3BCDAE1804}.Release|Any CPU.Build.0 = Release|Any CPU
		{8633899E-81AE-4D86-84D4-AD3BCDAE1804}.Release|x64.ActiveCfg = Release|Any CPU
		{8633899E-81AE-4D86-84D4-AD3BCDAE1804}.Release|x64.Build.0 = Release|Any CPU
		{8633899E-81AE-4D86-84D4-AD3BCDAE1804}.Release|x86.ActiveCfg = Release|Any CPU
		{8633899E-81AE-4D86-84D4-AD3BCDAE1804}.Release|x86.Build.0 = Release|Any CPU
		{56E70533-90FD-4D98-889C-1816E3FD9CEA}.Debug|Any CPU.ActiveCfg = Debug|Any CPU
		{56E70533-90FD-4D98-889C-1816E3FD9CEA}.Debug|Any CPU.Build.0 = Debug|Any CPU
		{56E70533-90FD-4D98-889C-1816E3FD9CEA}.Debug|x64.ActiveCfg = Debug|Any CPU
		{56E70533-90FD-4D98-889C-1816E3FD9CEA}.Debug|x64.Build.0 = Debug|Any CPU
		{56E70533-90FD-4D98-889C-1816E3FD9CEA}.Debug|x86.ActiveCfg = Debug|Any CPU
		{56E70533-90FD-4D98-889C-1816E3FD9CEA}.Debug|x86.Build.0 = Debug|Any CPU
		{56E70533-90FD-4D98-889C-1816E3FD9CEA}.Release|Any CPU.ActiveCfg = Release|Any CPU
		{56E70533-90FD-4D98-889C-1816E3FD9CEA}.Release|Any CPU.Build.0 = Release|Any CPU
		{56E70533-90FD-4D98-889C-1816E3FD9CEA}.Release|x64.ActiveCfg = Release|Any CPU
		{56E70533-90FD-4D98-889C-1816E3FD9CEA}.Release|x64.Build.0 = Release|Any CPU
		{56E70533-90FD-4D98-889C-1816E3FD9CEA}.Release|x86.ActiveCfg = Release|Any CPU
		{56E70533-90FD-4D98-889C-1816E3FD9CEA}.Release|x86.Build.0 = Release|Any CPU
	EndGlobalSection
EndGlobal
